// !$*UTF8*$!
{
	archiveVersion = 1;
	classes = {
	};
	objectVersion = 50;
	objects = {

/* Begin PBXBuildFile section */
		0934314E23993533003553D6 /* AppDelegate.swift in Sources */ = {isa = PBXBuildFile; fileRef = 0934314D23993533003553D6 /* AppDelegate.swift */; };
		0934315023993533003553D6 /* SceneDelegate.swift in Sources */ = {isa = PBXBuildFile; fileRef = 0934314F23993533003553D6 /* SceneDelegate.swift */; };
		0934315223993533003553D6 /* ViewController.swift in Sources */ = {isa = PBXBuildFile; fileRef = 0934315123993533003553D6 /* ViewController.swift */; };
		0934315523993533003553D6 /* Main.storyboard in Resources */ = {isa = PBXBuildFile; fileRef = 0934315323993533003553D6 /* Main.storyboard */; };
		0934315723993534003553D6 /* Assets.xcassets in Resources */ = {isa = PBXBuildFile; fileRef = 0934315623993534003553D6 /* Assets.xcassets */; };
		0934315A23993534003553D6 /* LaunchScreen.storyboard in Resources */ = {isa = PBXBuildFile; fileRef = 0934315823993534003553D6 /* LaunchScreen.storyboard */; };
		09343163239936AF003553D6 /* Requester.swift in Sources */ = {isa = PBXBuildFile; fileRef = 09343162239936AF003553D6 /* Requester.swift */; };
		0934316523993712003553D6 /* Request.swift in Sources */ = {isa = PBXBuildFile; fileRef = 0934316423993712003553D6 /* Request.swift */; };
		093431672399372A003553D6 /* Response.swift in Sources */ = {isa = PBXBuildFile; fileRef = 093431662399372A003553D6 /* Response.swift */; };
		0934316923993752003553D6 /* URLSessionDataTask+Extension.swift in Sources */ = {isa = PBXBuildFile; fileRef = 0934316823993752003553D6 /* URLSessionDataTask+Extension.swift */; };
		0934316B239937C6003553D6 /* DispatchQueue+Extension.swift in Sources */ = {isa = PBXBuildFile; fileRef = 0934316A239937C6003553D6 /* DispatchQueue+Extension.swift */; };
		0934316D239938A6003553D6 /* NetworkService.swift in Sources */ = {isa = PBXBuildFile; fileRef = 0934316C239938A6003553D6 /* NetworkService.swift */; };
		A0F7CD66239990000077D0C9 /* RequesterProgress.swift in Sources */ = {isa = PBXBuildFile; fileRef = A0F7CD65239990000077D0C9 /* RequesterProgress.swift */; };
		A0F7CD68239999C60077D0C9 /* TimeInterval+Extension.swift in Sources */ = {isa = PBXBuildFile; fileRef = A0F7CD67239999C60077D0C9 /* TimeInterval+Extension.swift */; };
/* End PBXBuildFile section */

/* Begin PBXFileReference section */
		0934314A23993533003553D6 /* RequesterDemo.app */ = {isa = PBXFileReference; explicitFileType = wrapper.application; includeInIndex = 0; path = RequesterDemo.app; sourceTree = BUILT_PRODUCTS_DIR; };
		0934314D23993533003553D6 /* AppDelegate.swift */ = {isa = PBXFileReference; lastKnownFileType = sourcecode.swift; path = AppDelegate.swift; sourceTree = "<group>"; };
		0934314F23993533003553D6 /* SceneDelegate.swift */ = {isa = PBXFileReference; lastKnownFileType = sourcecode.swift; path = SceneDelegate.swift; sourceTree = "<group>"; };
		0934315123993533003553D6 /* ViewController.swift */ = {isa = PBXFileReference; lastKnownFileType = sourcecode.swift; path = ViewController.swift; sourceTree = "<group>"; };
		0934315423993533003553D6 /* Base */ = {isa = PBXFileReference; lastKnownFileType = file.storyboard; name = Base; path = Base.lproj/Main.storyboard; sourceTree = "<group>"; };
		0934315623993534003553D6 /* Assets.xcassets */ = {isa = PBXFileReference; lastKnownFileType = folder.assetcatalog; path = Assets.xcassets; sourceTree = "<group>"; };
		0934315923993534003553D6 /* Base */ = {isa = PBXFileReference; lastKnownFileType = file.storyboard; name = Base; path = Base.lproj/LaunchScreen.storyboard; sourceTree = "<group>"; };
		0934315B23993534003553D6 /* Info.plist */ = {isa = PBXFileReference; lastKnownFileType = text.plist.xml; path = Info.plist; sourceTree = "<group>"; };
		09343162239936AF003553D6 /* Requester.swift */ = {isa = PBXFileReference; fileEncoding = 4; lastKnownFileType = sourcecode.swift; path = Requester.swift; sourceTree = "<group>"; };
		0934316423993712003553D6 /* Request.swift */ = {isa = PBXFileReference; lastKnownFileType = sourcecode.swift; path = Request.swift; sourceTree = "<group>"; };
		093431662399372A003553D6 /* Response.swift */ = {isa = PBXFileReference; lastKnownFileType = sourcecode.swift; path = Response.swift; sourceTree = "<group>"; };
		0934316823993752003553D6 /* URLSessionDataTask+Extension.swift */ = {isa = PBXFileReference; lastKnownFileType = sourcecode.swift; path = "URLSessionDataTask+Extension.swift"; sourceTree = "<group>"; };
		0934316A239937C6003553D6 /* DispatchQueue+Extension.swift */ = {isa = PBXFileReference; fileEncoding = 4; lastKnownFileType = sourcecode.swift; path = "DispatchQueue+Extension.swift"; sourceTree = "<group>"; };
		0934316C239938A6003553D6 /* NetworkService.swift */ = {isa = PBXFileReference; lastKnownFileType = sourcecode.swift; path = NetworkService.swift; sourceTree = "<group>"; };
		A0F7CD65239990000077D0C9 /* RequesterProgress.swift */ = {isa = PBXFileReference; lastKnownFileType = sourcecode.swift; path = RequesterProgress.swift; sourceTree = "<group>"; };
		A0F7CD67239999C60077D0C9 /* TimeInterval+Extension.swift */ = {isa = PBXFileReference; lastKnownFileType = sourcecode.swift; path = "TimeInterval+Extension.swift"; sourceTree = "<group>"; };
/* End PBXFileReference section */

/* Begin PBXFrameworksBuildPhase section */
		0934314723993533003553D6 /* Frameworks */ = {
			isa = PBXFrameworksBuildPhase;
			buildActionMask = 2147483647;
			files = (
			);
			runOnlyForDeploymentPostprocessing = 0;
		};
/* End PBXFrameworksBuildPhase section */

/* Begin PBXGroup section */
		0934314123993533003553D6 = {
			isa = PBXGroup;
			children = (
				0934314C23993533003553D6 /* RequesterDemo */,
				0934314B23993533003553D6 /* Products */,
			);
			sourceTree = "<group>";
		};
		0934314B23993533003553D6 /* Products */ = {
			isa = PBXGroup;
			children = (
				0934314A23993533003553D6 /* RequesterDemo.app */,
			);
			name = Products;
			sourceTree = "<group>";
		};
		0934314C23993533003553D6 /* RequesterDemo */ = {
			isa = PBXGroup;
			children = (
				09343161239936AF003553D6 /* Classes */,
				0934314D23993533003553D6 /* AppDelegate.swift */,
				0934314F23993533003553D6 /* SceneDelegate.swift */,
				0934315123993533003553D6 /* ViewController.swift */,
				0934316C239938A6003553D6 /* NetworkService.swift */,
				0934315323993533003553D6 /* Main.storyboard */,
				0934315623993534003553D6 /* Assets.xcassets */,
				0934315823993534003553D6 /* LaunchScreen.storyboard */,
				0934315B23993534003553D6 /* Info.plist */,
			);
			path = RequesterDemo;
			sourceTree = "<group>";
		};
		09343161239936AF003553D6 /* Classes */ = {
			isa = PBXGroup;
			children = (
				09343162239936AF003553D6 /* Requester.swift */,
				0934316423993712003553D6 /* Request.swift */,
				093431662399372A003553D6 /* Response.swift */,
				0934316823993752003553D6 /* URLSessionDataTask+Extension.swift */,
				0934316A239937C6003553D6 /* DispatchQueue+Extension.swift */,
				A0F7CD65239990000077D0C9 /* RequesterProgress.swift */,
				A0F7CD67239999C60077D0C9 /* TimeInterval+Extension.swift */,
			);
			name = Classes;
			path = ../../Requester/Pod/Classes;
			sourceTree = "<group>";
		};
/* End PBXGroup section */

/* Begin PBXNativeTarget section */
		0934314923993533003553D6 /* RequesterDemo */ = {
			isa = PBXNativeTarget;
			buildConfigurationList = 0934315E23993534003553D6 /* Build configuration list for PBXNativeTarget "RequesterDemo" */;
			buildPhases = (
				0934314623993533003553D6 /* Sources */,
				0934314723993533003553D6 /* Frameworks */,
				0934314823993533003553D6 /* Resources */,
			);
			buildRules = (
			);
			dependencies = (
			);
			name = RequesterDemo;
			productName = RequesterDemo;
			productReference = 0934314A23993533003553D6 /* RequesterDemo.app */;
			productType = "com.apple.product-type.application";
		};
/* End PBXNativeTarget section */

/* Begin PBXProject section */
		0934314223993533003553D6 /* Project object */ = {
			isa = PBXProject;
			attributes = {
				LastSwiftUpdateCheck = 1120;
				LastUpgradeCheck = 1120;
				ORGANIZATIONNAME = "Ilya Shkolnik";
				TargetAttributes = {
					0934314923993533003553D6 = {
						CreatedOnToolsVersion = 11.2.1;
					};
				};
			};
			buildConfigurationList = 0934314523993533003553D6 /* Build configuration list for PBXProject "RequesterDemo" */;
			compatibilityVersion = "Xcode 9.3";
			developmentRegion = en;
			hasScannedForEncodings = 0;
			knownRegions = (
				en,
				Base,
			);
			mainGroup = 0934314123993533003553D6;
			productRefGroup = 0934314B23993533003553D6 /* Products */;
			projectDirPath = "";
			projectRoot = "";
			targets = (
				0934314923993533003553D6 /* RequesterDemo */,
			);
		};
/* End PBXProject section */

/* Begin PBXResourcesBuildPhase section */
		0934314823993533003553D6 /* Resources */ = {
			isa = PBXResourcesBuildPhase;
			buildActionMask = 2147483647;
			files = (
				0934315A23993534003553D6 /* LaunchScreen.storyboard in Resources */,
				0934315723993534003553D6 /* Assets.xcassets in Resources */,
				0934315523993533003553D6 /* Main.storyboard in Resources */,
			);
			runOnlyForDeploymentPostprocessing = 0;
		};
/* End PBXResourcesBuildPhase section */

/* Begin PBXSourcesBuildPhase section */
		0934314623993533003553D6 /* Sources */ = {
			isa = PBXSourcesBuildPhase;
			buildActionMask = 2147483647;
			files = (
				0934316923993752003553D6 /* URLSessionDataTask+Extension.swift in Sources */,
				A0F7CD68239999C60077D0C9 /* TimeInterval+Extension.swift in Sources */,
				0934315223993533003553D6 /* ViewController.swift in Sources */,
				0934314E23993533003553D6 /* AppDelegate.swift in Sources */,
				A0F7CD66239990000077D0C9 /* RequesterProgress.swift in Sources */,
				0934316523993712003553D6 /* Request.swift in Sources */,
				0934316D239938A6003553D6 /* NetworkService.swift in Sources */,
				09343163239936AF003553D6 /* Requester.swift in Sources */,
				0934316B239937C6003553D6 /* DispatchQueue+Extension.swift in Sources */,
				093431672399372A003553D6 /* Response.swift in Sources */,
				0934315023993533003553D6 /* SceneDelegate.swift in Sources */,
			);
			runOnlyForDeploymentPostprocessing = 0;
		};
/* End PBXSourcesBuildPhase section */

/* Begin PBXVariantGroup section */
		0934315323993533003553D6 /* Main.storyboard */ = {
			isa = PBXVariantGroup;
			children = (
				0934315423993533003553D6 /* Base */,
			);
			name = Main.storyboard;
			sourceTree = "<group>";
		};
		0934315823993534003553D6 /* LaunchScreen.storyboard */ = {
			isa = PBXVariantGroup;
			children = (
				0934315923993534003553D6 /* Base */,
			);
			name = LaunchScreen.storyboard;
			sourceTree = "<group>";
		};
/* End PBXVariantGroup section */

/* Begin XCBuildConfiguration section */
		0934315C23993534003553D6 /* Debug */ = {
			isa = XCBuildConfiguration;
			buildSettings = {
				ALWAYS_SEARCH_USER_PATHS = NO;
				CLANG_ANALYZER_NONNULL = YES;
				CLANG_ANALYZER_NUMBER_OBJECT_CONVERSION = YES_AGGRESSIVE;
				CLANG_CXX_LANGUAGE_STANDARD = "gnu++14";
				CLANG_CXX_LIBRARY = "libc++";
				CLANG_ENABLE_MODULES = YES;
				CLANG_ENABLE_OBJC_ARC = YES;
				CLANG_ENABLE_OBJC_WEAK = YES;
				CLANG_WARN_BLOCK_CAPTURE_AUTORELEASING = YES;
				CLANG_WARN_BOOL_CONVERSION = YES;
				CLANG_WARN_COMMA = YES;
				CLANG_WARN_CONSTANT_CONVERSION = YES;
				CLANG_WARN_DEPRECATED_OBJC_IMPLEMENTATIONS = YES;
				CLANG_WARN_DIRECT_OBJC_ISA_USAGE = YES_ERROR;
				CLANG_WARN_DOCUMENTATION_COMMENTS = YES;
				CLANG_WARN_EMPTY_BODY = YES;
				CLANG_WARN_ENUM_CONVERSION = YES;
				CLANG_WARN_INFINITE_RECURSION = YES;
				CLANG_WARN_INT_CONVERSION = YES;
				CLANG_WARN_NON_LITERAL_NULL_CONVERSION = YES;
				CLANG_WARN_OBJC_IMPLICIT_RETAIN_SELF = YES;
				CLANG_WARN_OBJC_LITERAL_CONVERSION = YES;
				CLANG_WARN_OBJC_ROOT_CLASS = YES_ERROR;
				CLANG_WARN_RANGE_LOOP_ANALYSIS = YES;
				CLANG_WARN_STRICT_PROTOTYPES = YES;
				CLANG_WARN_SUSPICIOUS_MOVE = YES;
				CLANG_WARN_UNGUARDED_AVAILABILITY = YES_AGGRESSIVE;
				CLANG_WARN_UNREACHABLE_CODE = YES;
				CLANG_WARN__DUPLICATE_METHOD_MATCH = YES;
				COPY_PHASE_STRIP = NO;
				DEBUG_INFORMATION_FORMAT = dwarf;
				ENABLE_STRICT_OBJC_MSGSEND = YES;
				ENABLE_TESTABILITY = YES;
				GCC_C_LANGUAGE_STANDARD = gnu11;
				GCC_DYNAMIC_NO_PIC = NO;
				GCC_NO_COMMON_BLOCKS = YES;
				GCC_OPTIMIZATION_LEVEL = 0;
				GCC_PREPROCESSOR_DEFINITIONS = (
					"DEBUG=1",
					"$(inherited)",
				);
				GCC_WARN_64_TO_32_BIT_CONVERSION = YES;
				GCC_WARN_ABOUT_RETURN_TYPE = YES_ERROR;
				GCC_WARN_UNDECLARED_SELECTOR = YES;
				GCC_WARN_UNINITIALIZED_AUTOS = YES_AGGRESSIVE;
				GCC_WARN_UNUSED_FUNCTION = YES;
				GCC_WARN_UNUSED_VARIABLE = YES;
				IPHONEOS_DEPLOYMENT_TARGET = 13.2;
				MTL_ENABLE_DEBUG_INFO = INCLUDE_SOURCE;
				MTL_FAST_MATH = YES;
				ONLY_ACTIVE_ARCH = YES;
				SDKROOT = iphoneos;
				SWIFT_ACTIVE_COMPILATION_CONDITIONS = DEBUG;
				SWIFT_OPTIMIZATION_LEVEL = "-Onone";
			};
			name = Debug;
		};
		0934315D23993534003553D6 /* Release */ = {
			isa = XCBuildConfiguration;
			buildSettings = {
				ALWAYS_SEARCH_USER_PATHS = NO;
				CLANG_ANALYZER_NONNULL = YES;
				CLANG_ANALYZER_NUMBER_OBJECT_CONVERSION = YES_AGGRESSIVE;
				CLANG_CXX_LANGUAGE_STANDARD = "gnu++14";
				CLANG_CXX_LIBRARY = "libc++";
				CLANG_ENABLE_MODULES = YES;
				CLANG_ENABLE_OBJC_ARC = YES;
				CLANG_ENABLE_OBJC_WEAK = YES;
				CLANG_WARN_BLOCK_CAPTURE_AUTORELEASING = YES;
				CLANG_WARN_BOOL_CONVERSION = YES;
				CLANG_WARN_COMMA = YES;
				CLANG_WARN_CONSTANT_CONVERSION = YES;
				CLANG_WARN_DEPRECATED_OBJC_IMPLEMENTATIONS = YES;
				CLANG_WARN_DIRECT_OBJC_ISA_USAGE = YES_ERROR;
				CLANG_WARN_DOCUMENTATION_COMMENTS = YES;
				CLANG_WARN_EMPTY_BODY = YES;
				CLANG_WARN_ENUM_CONVERSION = YES;
				CLANG_WARN_INFINITE_RECURSION = YES;
				CLANG_WARN_INT_CONVERSION = YES;
				CLANG_WARN_NON_LITERAL_NULL_CONVERSION = YES;
				CLANG_WARN_OBJC_IMPLICIT_RETAIN_SELF = YES;
				CLANG_WARN_OBJC_LITERAL_CONVERSION = YES;
				CLANG_WARN_OBJC_ROOT_CLASS = YES_ERROR;
				CLANG_WARN_RANGE_LOOP_ANALYSIS = YES;
				CLANG_WARN_STRICT_PROTOTYPES = YES;
				CLANG_WARN_SUSPICIOUS_MOVE = YES;
				CLANG_WARN_UNGUARDED_AVAILABILITY = YES_AGGRESSIVE;
				CLANG_WARN_UNREACHABLE_CODE = YES;
				CLANG_WARN__DUPLICATE_METHOD_MATCH = YES;
				COPY_PHASE_STRIP = NO;
				DEBUG_INFORMATION_FORMAT = "dwarf-with-dsym";
				ENABLE_NS_ASSERTIONS = NO;
				ENABLE_STRICT_OBJC_MSGSEND = YES;
				GCC_C_LANGUAGE_STANDARD = gnu11;
				GCC_NO_COMMON_BLOCKS = YES;
				GCC_WARN_64_TO_32_BIT_CONVERSION = YES;
				GCC_WARN_ABOUT_RETURN_TYPE = YES_ERROR;
				GCC_WARN_UNDECLARED_SELECTOR = YES;
				GCC_WARN_UNINITIALIZED_AUTOS = YES_AGGRESSIVE;
				GCC_WARN_UNUSED_FUNCTION = YES;
				GCC_WARN_UNUSED_VARIABLE = YES;
				IPHONEOS_DEPLOYMENT_TARGET = 13.2;
				MTL_ENABLE_DEBUG_INFO = NO;
				MTL_FAST_MATH = YES;
				SDKROOT = iphoneos;
				SWIFT_COMPILATION_MODE = wholemodule;
				SWIFT_OPTIMIZATION_LEVEL = "-O";
				VALIDATE_PRODUCT = YES;
			};
			name = Release;
		};
		0934315F23993534003553D6 /* Debug */ = {
			isa = XCBuildConfiguration;
			buildSettings = {
				ASSETCATALOG_COMPILER_APPICON_NAME = AppIcon;
				CODE_SIGN_STYLE = Automatic;
				DEVELOPMENT_TEAM = T2P57TWK7Z;
				INFOPLIST_FILE = RequesterDemo/Info.plist;
				LD_RUNPATH_SEARCH_PATHS = (
					"$(inherited)",
					"@executable_path/Frameworks",
				);
				PRODUCT_BUNDLE_IDENTIFIER = com.darknessproduction.RequesterDemo;
				PRODUCT_NAME = "$(TARGET_NAME)";
				SWIFT_VERSION = 5.0;
				TARGETED_DEVICE_FAMILY = "1,2";
			};
			name = Debug;
		};
		0934316023993534003553D6 /* Release */ = {
			isa = XCBuildConfiguration;
			buildSettings = {
				ASSETCATALOG_COMPILER_APPICON_NAME = AppIcon;
				CODE_SIGN_STYLE = Automatic;
				DEVELOPMENT_TEAM = T2P57TWK7Z;
				INFOPLIST_FILE = RequesterDemo/Info.plist;
				LD_RUNPATH_SEARCH_PATHS = (
					"$(inherited)",
					"@executable_path/Frameworks",
				);
				PRODUCT_BUNDLE_IDENTIFIER = com.darknessproduction.RequesterDemo;
				PRODUCT_NAME = "$(TARGET_NAME)";
				SWIFT_VERSION = 5.0;
				TARGETED_DEVICE_FAMILY = "1,2";
			};
			name = Release;
		};
/* End XCBuildConfiguration section */

/* Begin XCConfigurationList section */
		0934314523993533003553D6 /* Build configuration list for PBXProject "RequesterDemo" */ = {
			isa = XCConfigurationList;
			buildConfigurations = (
				0934315C23993534003553D6 /* Debug */,
				0934315D23993534003553D6 /* Release */,
			);
			defaultConfigurationIsVisible = 0;
			defaultConfigurationName = Release;
		};
		0934315E23993534003553D6 /* Build configuration list for PBXNativeTarget "RequesterDemo" */ = {
			isa = XCConfigurationList;
			buildConfigurations = (
				0934315F23993534003553D6 /* Debug */,
				0934316023993534003553D6 /* Release */,
			);
			defaultConfigurationIsVisible = 0;
			defaultConfigurationName = Release;
		};
/* End XCConfigurationList section */
	};
	rootObject = 0934314223993533003553D6 /* Project object */;
}
